{
  "name": "jsRacemi",
  "lockfileVersion": 2,
  "requires": true,
  "packages": {
    "": {
      "dependencies": {
        "svd-js": "^1.1.1"
      }
    },
    "node_modules/svd-js": {
      "version": "1.1.1",
      "resolved": "https://registry.npmjs.org/svd-js/-/svd-js-1.1.1.tgz",
      "integrity": "sha512-3Mpd08lu7HPD/aDMnHvhLBKHLdoUv+w9411ZLGjZYIR51e05CFNAY+MYMXLs7leo6jljZ8PGkoCSI1I4lF1Z4Q=="
    }
  },
  "dependencies": {
    "svd-js": {
      "version": "1.1.1",
      "resolved": "https://registry.npmjs.org/svd-js/-/svd-js-1.1.1.tgz",
      "integrity": "sha512-3Mpd08lu7HPD/aDMnHvhLBKHLdoUv+w9411ZLGjZYIR51e05CFNAY+MYMXLs7leo6jljZ8PGkoCSI1I4lF1Z4Q=="
    }
  }
}
